
Microsoft Visual Studio Solution File, Format Version 12.00
# Visual Studio Version 16
VisualStudioVersion = 16.0.31205.134
MinimumVisualStudioVersion = 10.0.40219.1
Project("{FAE04EC0-301F-11D3-BF4B-00C04F79EFBC}") = "OrganizationsLibrary", "OrganizationsLibrary\OrganizationsLibrary.csproj", "{80BCBD53-52EB-417E-BF4F-6B68EBB5983F}"
EndProject
Project("{FAE04EC0-301F-11D3-BF4B-00C04F79EFBC}") = "Laba2", "Laba2\Laba2.csproj", "{676214DF-5A94-43B9-A7E0-95CABA120229}"
EndProject
Global
	GlobalSection(SolutionConfigurationPlatforms) = preSolution
		Debug|Any CPU = Debug|Any CPU
		Release|Any CPU = Release|Any CPU
	EndGlobalSection
	GlobalSection(ProjectConfigurationPlatforms) = postSolution
		{80BCBD53-52EB-417E-BF4F-6B68EBB5983F}.Debug|Any CPU.ActiveCfg = Debug|Any CPU
		{80BCBD53-52EB-417E-BF4F-6B68EBB5983F}.Debug|Any CPU.Build.0 = Debug|Any CPU
		{80BCBD53-52EB-417E-BF4F-6B68EBB5983F}.Release|Any CPU.ActiveCfg = Release|Any CPU
		{80BCBD53-52EB-417E-BF4F-6B68EBB5983F}.Release|Any CPU.Build.0 = Release|Any CPU
		{676214DF-5A94-43B9-A7E0-95CABA120229}.Debug|Any CPU.ActiveCfg = Debug|Any CPU
		{676214DF-5A94-43B9-A7E0-95CABA120229}.Debug|Any CPU.Build.0 = Debug|Any CPU
		{676214DF-5A94-43B9-A7E0-95CABA120229}.Release|Any CPU.ActiveCfg = Release|Any CPU
		{676214DF-5A94-43B9-A7E0-95CABA120229}.Release|Any CPU.Build.0 = Release|Any CPU
	EndGlobalSection
	GlobalSection(SolutionProperties) = preSolution
		HideSolutionNode = FALSE
	EndGlobalSection
	GlobalSection(ExtensibilityGlobals) = postSolution
		SolutionGuid = {7856BD79-21C8-45E4-9649-590ECD035534}
	EndGlobalSection
EndGlobal
